
Microsoft Visual Studio Solution File, Format Version 12.00
# Visual Studio Version 16
VisualStudioVersion = 16.0.31702.278
MinimumVisualStudioVersion = 10.0.40219.1
Project("{9A19103F-16F7-4668-BE54-9A1E7A4F7556}") = "JobsityChatProject", "JobsityChatProject.csproj", "{F0DF5195-C13A-40C9-84E9-D9AE7A48A288}"
EndProject
Project("{9A19103F-16F7-4668-BE54-9A1E7A4F7556}") = "JobsityChatProject.Core", "..\JobsityChatProject.Core\JobsityChatProject.Core.csproj", "{F8C86D63-5D47-432B-94E4-BF1F21B9DBB6}"
EndProject
Project("{9A19103F-16F7-4668-BE54-9A1E7A4F7556}") = "JobsityChatProject.Infrastructure", "..\JobsityChatProject.Infrastructure\JobsityChatProject.Infrastructure.csproj", "{E61E41AE-CFD5-47F4-84F1-972682E153FA}"
EndProject
Project("{2150E333-8FDC-42A3-9474-1A3956D46DE8}") = "Solution Items", "Solution Items", "{FFAB37EA-0583-4EB7-B260-CF3F7B14F55A}"
	ProjectSection(SolutionItems) = preProject
		..\..\docker\docker-compose.yml = ..\..\docker\docker-compose.yml
	EndProjectSection
EndProject
Project("{FAE04EC0-301F-11D3-BF4B-00C04F79EFBC}") = "JobsityChat.Tests", "..\JobsityChat.Tests\JobsityChat.Tests.csproj", "{E086EA39-07A8-4CC4-B554-D60484F42E2E}"
EndProject
Global
	GlobalSection(SolutionConfigurationPlatforms) = preSolution
		Debug|Any CPU = Debug|Any CPU
		Release|Any CPU = Release|Any CPU
	EndGlobalSection
	GlobalSection(ProjectConfigurationPlatforms) = postSolution
		{F0DF5195-C13A-40C9-84E9-D9AE7A48A288}.Debug|Any CPU.ActiveCfg = Debug|Any CPU
		{F0DF5195-C13A-40C9-84E9-D9AE7A48A288}.Debug|Any CPU.Build.0 = Debug|Any CPU
		{F0DF5195-C13A-40C9-84E9-D9AE7A48A288}.Release|Any CPU.ActiveCfg = Release|Any CPU
		{F0DF5195-C13A-40C9-84E9-D9AE7A48A288}.Release|Any CPU.Build.0 = Release|Any CPU
		{F8C86D63-5D47-432B-94E4-BF1F21B9DBB6}.Debug|Any CPU.ActiveCfg = Debug|Any CPU
		{F8C86D63-5D47-432B-94E4-BF1F21B9DBB6}.Debug|Any CPU.Build.0 = Debug|Any CPU
		{F8C86D63-5D47-432B-94E4-BF1F21B9DBB6}.Release|Any CPU.ActiveCfg = Release|Any CPU
		{F8C86D63-5D47-432B-94E4-BF1F21B9DBB6}.Release|Any CPU.Build.0 = Release|Any CPU
		{E61E41AE-CFD5-47F4-84F1-972682E153FA}.Debug|Any CPU.ActiveCfg = Debug|Any CPU
		{E61E41AE-CFD5-47F4-84F1-972682E153FA}.Debug|Any CPU.Build.0 = Debug|Any CPU
		{E61E41AE-CFD5-47F4-84F1-972682E153FA}.Release|Any CPU.ActiveCfg = Release|Any CPU
		{E61E41AE-CFD5-47F4-84F1-972682E153FA}.Release|Any CPU.Build.0 = Release|Any CPU
		{E086EA39-07A8-4CC4-B554-D60484F42E2E}.Debug|Any CPU.ActiveCfg = Debug|Any CPU
		{E086EA39-07A8-4CC4-B554-D60484F42E2E}.Debug|Any CPU.Build.0 = Debug|Any CPU
		{E086EA39-07A8-4CC4-B554-D60484F42E2E}.Release|Any CPU.ActiveCfg = Release|Any CPU
		{E086EA39-07A8-4CC4-B554-D60484F42E2E}.Release|Any CPU.Build.0 = Release|Any CPU
	EndGlobalSection
	GlobalSection(SolutionProperties) = preSolution
		HideSolutionNode = FALSE
	EndGlobalSection
	GlobalSection(ExtensibilityGlobals) = postSolution
		SolutionGuid = {72970680-D843-42D7-8ADC-818499245D72}
	EndGlobalSection
EndGlobal
